// !$*UTF8*$!
{
	archiveVersion = 1;
	classes = {
	};
	objectVersion = 77;
	objects = {

/* Begin PBXBuildFile section */
		E90947202E34F0460027E9D5 /* FirebaseAuth in Frameworks */ = {isa = PBXBuildFile; productRef = E909471F2E34F0460027E9D5 /* FirebaseAuth */; };
		E90947222E34F0460027E9D5 /* FirebaseFirestore in Frameworks */ = {isa = PBXBuildFile; productRef = E90947212E34F0460027E9D5 /* FirebaseFirestore */; };
		E90947292E3517710027E9D5 /* FirebaseAnalytics in Frameworks */ = {isa = PBXBuildFile; productRef = E90947282E3517710027E9D5 /* FirebaseAnalytics */; };
		E909472B2E3517710027E9D5 /* FirebaseAnalyticsCore in Frameworks */ = {isa = PBXBuildFile; productRef = E909472A2E3517710027E9D5 /* FirebaseAnalyticsCore */; };
		E909472D2E3517710027E9D5 /* FirebaseDatabase in Frameworks */ = {isa = PBXBuildFile; productRef = E909472C2E3517710027E9D5 /* FirebaseDatabase */; };
/* End PBXBuildFile section */

/* Begin PBXContainerItemProxy section */
		E909468D2E34C4510027E9D5 /* PBXContainerItemProxy */ = {
			isa = PBXContainerItemProxy;
			containerPortal = E90946772E34C44F0027E9D5 /* Project object */;
			proxyType = 1;
			remoteGlobalIDString = E909467E2E34C44F0027E9D5;
			remoteInfo = "galaxy watch";
		};
		E90946972E34C4510027E9D5 /* PBXContainerItemProxy */ = {
			isa = PBXContainerItemProxy;
			containerPortal = E90946772E34C44F0027E9D5 /* Project object */;
			proxyType = 1;
			remoteGlobalIDString = E909467E2E34C44F0027E9D5;
			remoteInfo = "galaxy watch";
		};
/* End PBXContainerItemProxy section */

/* Begin PBXFileReference section */
		E909467F2E34C44F0027E9D5 /* galaxy watch.app */ = {isa = PBXFileReference; explicitFileType = wrapper.application; includeInIndex = 0; path = "galaxy watch.app"; sourceTree = BUILT_PRODUCTS_DIR; };
		E909468C2E34C4510027E9D5 /* galaxy watchTests.xctest */ = {isa = PBXFileReference; explicitFileType = wrapper.cfbundle; includeInIndex = 0; path = "galaxy watchTests.xctest"; sourceTree = BUILT_PRODUCTS_DIR; };
		E90946962E34C4510027E9D5 /* galaxy watchUITests.xctest */ = {isa = PBXFileReference; explicitFileType = wrapper.cfbundle; includeInIndex = 0; path = "galaxy watchUITests.xctest"; sourceTree = BUILT_PRODUCTS_DIR; };
/* End PBXFileReference section */

/* Begin PBXFileSystemSynchronizedRootGroup section */
		E90946812E34C44F0027E9D5 /* galaxy watch */ = {
			isa = PBXFileSystemSynchronizedRootGroup;
			path = "galaxy watch";
			sourceTree = "<group>";
		};
		E909468F2E34C4510027E9D5 /* galaxy watchTests */ = {
			isa = PBXFileSystemSynchronizedRootGroup;
			path = "galaxy watchTests";
			sourceTree = "<group>";
		};
		E90946992E34C4510027E9D5 /* galaxy watchUITests */ = {
			isa = PBXFileSystemSynchronizedRootGroup;
			path = "galaxy watchUITests";
			sourceTree = "<group>";
		};
/* End PBXFileSystemSynchronizedRootGroup section */

/* Begin PBXFrameworksBuildPhase section */
		E909467C2E34C44F0027E9D5 /* Frameworks */ = {
			isa = PBXFrameworksBuildPhase;
			buildActionMask = 2147483647;
			files = (
				E909472D2E3517710027E9D5 /* FirebaseDatabase in Frameworks */,
				E90947202E34F0460027E9D5 /* FirebaseAuth in Frameworks */,
				E90947222E34F0460027E9D5 /* FirebaseFirestore in Frameworks */,
				E90947292E3517710027E9D5 /* FirebaseAnalytics in Frameworks */,
				E909472B2E3517710027E9D5 /* FirebaseAnalyticsCore in Frameworks */,
			);
			runOnlyForDeploymentPostprocessing = 0;
		};
		E90946892E34C4510027E9D5 /* Frameworks */ = {
			isa = PBXFrameworksBuildPhase;
			buildActionMask = 2147483647;
			files = (
			);
			runOnlyForDeploymentPostprocessing = 0;
		};
		E90946932E34C4510027E9D5 /* Frameworks */ = {
			isa = PBXFrameworksBuildPhase;
			buildActionMask = 2147483647;
			files = (
			);
			runOnlyForDeploymentPostprocessing = 0;
		};
/* End PBXFrameworksBuildPhase section */

/* Begin PBXGroup section */
		E90946762E34C44F0027E9D5 = {
			isa = PBXGroup;
			children = (
				E90946812E34C44F0027E9D5 /* galaxy watch */,
				E909468F2E34C4510027E9D5 /* galaxy watchTests */,
				E90946992E34C4510027E9D5 /* galaxy watchUITests */,
				E90946802E34C44F0027E9D5 /* Products */,
			);
			sourceTree = "<group>";
		};
		E90946802E34C44F0027E9D5 /* Products */ = {
			isa = PBXGroup;
			children = (
				E909467F2E34C44F0027E9D5 /* galaxy watch.app */,
				E909468C2E34C4510027E9D5 /* galaxy watchTests.xctest */,
				E90946962E34C4510027E9D5 /* galaxy watchUITests.xctest */,
			);
			name = Products;
			sourceTree = "<group>";
		};
/* End PBXGroup section */

/* Begin PBXNativeTarget section */
		E909467E2E34C44F0027E9D5 /* galaxy watch */ = {
			isa = PBXNativeTarget;
			buildConfigurationList = E90946A02E34C4510027E9D5 /* Build configuration list for PBXNativeTarget "galaxy watch" */;
			buildPhases = (
				E909467B2E34C44F0027E9D5 /* Sources */,
				E909467C2E34C44F0027E9D5 /* Frameworks */,
				E909467D2E34C44F0027E9D5 /* Resources */,
			);
			buildRules = (
			);
			dependencies = (
			);
			fileSystemSynchronizedGroups = (
				E90946812E34C44F0027E9D5 /* galaxy watch */,
			);
			name = "galaxy watch";
			packageProductDependencies = (
				E909471F2E34F0460027E9D5 /* FirebaseAuth */,
				E90947212E34F0460027E9D5 /* FirebaseFirestore */,
				E90947282E3517710027E9D5 /* FirebaseAnalytics */,
				E909472A2E3517710027E9D5 /* FirebaseAnalyticsCore */,
				E909472C2E3517710027E9D5 /* FirebaseDatabase */,
			);
			productName = "galaxy watch";
			productReference = E909467F2E34C44F0027E9D5 /* galaxy watch.app */;
			productType = "com.apple.product-type.application";
		};
		E909468B2E34C4510027E9D5 /* galaxy watchTests */ = {
			isa = PBXNativeTarget;
			buildConfigurationList = E90946A32E34C4510027E9D5 /* Build configuration list for PBXNativeTarget "galaxy watchTests" */;
			buildPhases = (
				E90946882E34C4510027E9D5 /* Sources */,
				E90946892E34C4510027E9D5 /* Frameworks */,
				E909468A2E34C4510027E9D5 /* Resources */,
			);
			buildRules = (
			);
			dependencies = (
				E909468E2E34C4510027E9D5 /* PBXTargetDependency */,
			);
			fileSystemSynchronizedGroups = (
				E909468F2E34C4510027E9D5 /* galaxy watchTests */,
			);
			name = "galaxy watchTests";
			packageProductDependencies = (
			);
			productName = "galaxy watchTests";
			productReference = E909468C2E34C4510027E9D5 /* galaxy watchTests.xctest */;
			productType = "com.apple.product-type.bundle.unit-test";
		};
		E90946952E34C4510027E9D5 /* galaxy watchUITests */ = {
			isa = PBXNativeTarget;
			buildConfigurationList = E90946A62E34C4510027E9D5 /* Build configuration list for PBXNativeTarget "galaxy watchUITests" */;
			buildPhases = (
				E90946922E34C4510027E9D5 /* Sources */,
				E90946932E34C4510027E9D5 /* Frameworks */,
				E90946942E34C4510027E9D5 /* Resources */,
			);
			buildRules = (
			);
			dependencies = (
				E90946982E34C4510027E9D5 /* PBXTargetDependency */,
			);
			fileSystemSynchronizedGroups = (
				E90946992E34C4510027E9D5 /* galaxy watchUITests */,
			);
			name = "galaxy watchUITests";
			packageProductDependencies = (
			);
			productName = "galaxy watchUITests";
			productReference = E90946962E34C4510027E9D5 /* galaxy watchUITests.xctest */;
			productType = "com.apple.product-type.bundle.ui-testing";
		};
/* End PBXNativeTarget section */

/* Begin PBXProject section */
		E90946772E34C44F0027E9D5 /* Project object */ = {
			isa = PBXProject;
			attributes = {
				BuildIndependentTargetsInParallel = 1;
				LastSwiftUpdateCheck = 1640;
				LastUpgradeCheck = 1640;
				TargetAttributes = {
					E909467E2E34C44F0027E9D5 = {
						CreatedOnToolsVersion = 16.4;
					};
					E909468B2E34C4510027E9D5 = {
						CreatedOnToolsVersion = 16.4;
						TestTargetID = E909467E2E34C44F0027E9D5;
					};
					E90946952E34C4510027E9D5 = {
						CreatedOnToolsVersion = 16.4;
						TestTargetID = E909467E2E34C44F0027E9D5;
					};
				};
			};
			buildConfigurationList = E909467A2E34C44F0027E9D5 /* Build configuration list for PBXProject "galaxy watch" */;
			developmentRegion = en;
			hasScannedForEncodings = 0;
			knownRegions = (
				en,
				Base,
			);
			mainGroup = E90946762E34C44F0027E9D5;
			minimizedProjectReferenceProxies = 1;
			packageReferences = (
				E909471E2E34F0460027E9D5 /* XCRemoteSwiftPackageReference "firebase-ios-sdk" */,
			);
			preferredProjectObjectVersion = 77;
			productRefGroup = E90946802E34C44F0027E9D5 /* Products */;
			projectDirPath = "";
			projectRoot = "";
			targets = (
				E909467E2E34C44F0027E9D5 /* galaxy watch */,
				E909468B2E34C4510027E9D5 /* galaxy watchTests */,
				E90946952E34C4510027E9D5 /* galaxy watchUITests */,
			);
		};
/* End PBXProject section */

/* Begin PBXResourcesBuildPhase section */
		E909467D2E34C44F0027E9D5 /* Resources */ = {
			isa = PBXResourcesBuildPhase;
			buildActionMask = 2147483647;
			files = (
			);
			runOnlyForDeploymentPostprocessing = 0;
		};
		E909468A2E34C4510027E9D5 /* Resources */ = {
			isa = PBXResourcesBuildPhase;
			buildActionMask = 2147483647;
			files = (
			);
			runOnlyForDeploymentPostprocessing = 0;
		};
		E90946942E34C4510027E9D5 /* Resources */ = {
			isa = PBXResourcesBuildPhase;
			buildActionMask = 2147483647;
			files = (
			);
			runOnlyForDeploymentPostprocessing = 0;
		};
/* End PBXResourcesBuildPhase section */

/* Begin PBXSourcesBuildPhase section */
		E909467B2E34C44F0027E9D5 /* Sources */ = {
			isa = PBXSourcesBuildPhase;
			buildActionMask = 2147483647;
			files = (
			);
			runOnlyForDeploymentPostprocessing = 0;
		};
		E90946882E34C4510027E9D5 /* Sources */ = {
			isa = PBXSourcesBuildPhase;
			buildActionMask = 2147483647;
			files = (
			);
			runOnlyForDeploymentPostprocessing = 0;
		};
		E90946922E34C4510027E9D5 /* Sources */ = {
			isa = PBXSourcesBuildPhase;
			buildActionMask = 2147483647;
			files = (
			);
			runOnlyForDeploymentPostprocessing = 0;
		};
/* End PBXSourcesBuildPhase section */

/* Begin PBXTargetDependency section */
		E909468E2E34C4510027E9D5 /* PBXTargetDependency */ = {
			isa = PBXTargetDependency;
			target = E909467E2E34C44F0027E9D5 /* galaxy watch */;
			targetProxy = E909468D2E34C4510027E9D5 /* PBXContainerItemProxy */;
		};
		E90946982E34C4510027E9D5 /* PBXTargetDependency */ = {
			isa = PBXTargetDependency;
			target = E909467E2E34C44F0027E9D5 /* galaxy watch */;
			targetProxy = E90946972E34C4510027E9D5 /* PBXContainerItemProxy */;
		};
/* End PBXTargetDependency section */

/* Begin XCBuildConfiguration section */
		E909469E2E34C4510027E9D5 /* Debug */ = {
			isa = XCBuildConfiguration;
			buildSettings = {
				ALWAYS_SEARCH_USER_PATHS = NO;
				ASSETCATALOG_COMPILER_GENERATE_SWIFT_ASSET_SYMBOL_EXTENSIONS = YES;
				CLANG_ANALYZER_NONNULL = YES;
				CLANG_ANALYZER_NUMBER_OBJECT_CONVERSION = YES_AGGRESSIVE;
				CLANG_CXX_LANGUAGE_STANDARD = "gnu++20";
				CLANG_ENABLE_MODULES = YES;
				CLANG_ENABLE_OBJC_ARC = YES;
				CLANG_ENABLE_OBJC_WEAK = YES;
				CLANG_WARN_BLOCK_CAPTURE_AUTORELEASING = YES;
				CLANG_WARN_BOOL_CONVERSION = YES;
				CLANG_WARN_COMMA = YES;
				CLANG_WARN_CONSTANT_CONVERSION = YES;
				CLANG_WARN_DEPRECATED_OBJC_IMPLEMENTATIONS = YES;
				CLANG_WARN_DIRECT_OBJC_ISA_USAGE = YES_ERROR;
				CLANG_WARN_DOCUMENTATION_COMMENTS = YES;
				CLANG_WARN_EMPTY_BODY = YES;
				CLANG_WARN_ENUM_CONVERSION = YES;
				CLANG_WARN_INFINITE_RECURSION = YES;
				CLANG_WARN_INT_CONVERSION = YES;
				CLANG_WARN_NON_LITERAL_NULL_CONVERSION = YES;
				CLANG_WARN_OBJC_IMPLICIT_RETAIN_SELF = YES;
				CLANG_WARN_OBJC_LITERAL_CONVERSION = YES;
				CLANG_WARN_OBJC_ROOT_CLASS = YES_ERROR;
				CLANG_WARN_QUOTED_INCLUDE_IN_FRAMEWORK_HEADER = YES;
				CLANG_WARN_RANGE_LOOP_ANALYSIS = YES;
				CLANG_WARN_STRICT_PROTOTYPES = YES;
				CLANG_WARN_SUSPICIOUS_MOVE = YES;
				CLANG_WARN_UNGUARDED_AVAILABILITY = YES_AGGRESSIVE;
				CLANG_WARN_UNREACHABLE_CODE = YES;
				CLANG_WARN__DUPLICATE_METHOD_MATCH = YES;
				COPY_PHASE_STRIP = NO;
				DEBUG_INFORMATION_FORMAT = dwarf;
				DEVELOPMENT_TEAM = 4N7743MV8P;
				ENABLE_STRICT_OBJC_MSGSEND = YES;
				ENABLE_TESTABILITY = YES;
				ENABLE_USER_SCRIPT_SANDBOXING = YES;
				GCC_C_LANGUAGE_STANDARD = gnu17;
				GCC_DYNAMIC_NO_PIC = NO;
				GCC_NO_COMMON_BLOCKS = YES;
				GCC_OPTIMIZATION_LEVEL = 0;
				GCC_PREPROCESSOR_DEFINITIONS = (
					"DEBUG=1",
					"$(inherited)",
				);
				GCC_WARN_64_TO_32_BIT_CONVERSION = YES;
				GCC_WARN_ABOUT_RETURN_TYPE = YES_ERROR;
				GCC_WARN_UNDECLARED_SELECTOR = YES;
				GCC_WARN_UNINITIALIZED_AUTOS = YES_AGGRESSIVE;
				GCC_WARN_UNUSED_FUNCTION = YES;
				GCC_WARN_UNUSED_VARIABLE = YES;
				IPHONEOS_DEPLOYMENT_TARGET = 18.5;
				LOCALIZATION_PREFERS_STRING_CATALOGS = YES;
				MTL_ENABLE_DEBUG_INFO = INCLUDE_SOURCE;
				MTL_FAST_MATH = YES;
				ONLY_ACTIVE_ARCH = YES;
				SDKROOT = iphoneos;
				SWIFT_ACTIVE_COMPILATION_CONDITIONS = "DEBUG $(inherited)";
				SWIFT_OPTIMIZATION_LEVEL = "-Onone";
			};
			name = Debug;
		};
		E909469F2E34C4510027E9D5 /* Release */ = {
			isa = XCBuildConfiguration;
			buildSettings = {
				ALWAYS_SEARCH_USER_PATHS = NO;
				ASSETCATALOG_COMPILER_GENERATE_SWIFT_ASSET_SYMBOL_EXTENSIONS = YES;
				CLANG_ANALYZER_NONNULL = YES;
				CLANG_ANALYZER_NUMBER_OBJECT_CONVERSION = YES_AGGRESSIVE;
				CLANG_CXX_LANGUAGE_STANDARD = "gnu++20";
				CLANG_ENABLE_MODULES = YES;
				CLANG_ENABLE_OBJC_ARC = YES;
				CLANG_ENABLE_OBJC_WEAK = YES;
				CLANG_WARN_BLOCK_CAPTURE_AUTORELEASING = YES;
				CLANG_WARN_BOOL_CONVERSION = YES;
				CLANG_WARN_COMMA = YES;
				CLANG_WARN_CONSTANT_CONVERSION = YES;
				CLANG_WARN_DEPRECATED_OBJC_IMPLEMENTATIONS = YES;
				CLANG_WARN_DIRECT_OBJC_ISA_USAGE = YES_ERROR;
				CLANG_WARN_DOCUMENTATION_COMMENTS = YES;
				CLANG_WARN_EMPTY_BODY = YES;
				CLANG_WARN_ENUM_CONVERSION = YES;
				CLANG_WARN_INFINITE_RECURSION = YES;
				CLANG_WARN_INT_CONVERSION = YES;
				CLANG_WARN_NON_LITERAL_NULL_CONVERSION = YES;
				CLANG_WARN_OBJC_IMPLICIT_RETAIN_SELF = YES;
				CLANG_WARN_OBJC_LITERAL_CONVERSION = YES;
				CLANG_WARN_OBJC_ROOT_CLASS = YES_ERROR;
				CLANG_WARN_QUOTED_INCLUDE_IN_FRAMEWORK_HEADER = YES;
				CLANG_WARN_RANGE_LOOP_ANALYSIS = YES;
				CLANG_WARN_STRICT_PROTOTYPES = YES;
				CLANG_WARN_SUSPICIOUS_MOVE = YES;
				CLANG_WARN_UNGUARDED_AVAILABILITY = YES_AGGRESSIVE;
				CLANG_WARN_UNREACHABLE_CODE = YES;
				CLANG_WARN__DUPLICATE_METHOD_MATCH = YES;
				COPY_PHASE_STRIP = NO;
				DEBUG_INFORMATION_FORMAT = "dwarf-with-dsym";
				DEVELOPMENT_TEAM = 4N7743MV8P;
				ENABLE_NS_ASSERTIONS = NO;
				ENABLE_STRICT_OBJC_MSGSEND = YES;
				ENABLE_USER_SCRIPT_SANDBOXING = YES;
				GCC_C_LANGUAGE_STANDARD = gnu17;
				GCC_NO_COMMON_BLOCKS = YES;
				GCC_WARN_64_TO_32_BIT_CONVERSION = YES;
				GCC_WARN_ABOUT_RETURN_TYPE = YES_ERROR;
				GCC_WARN_UNDECLARED_SELECTOR = YES;
				GCC_WARN_UNINITIALIZED_AUTOS = YES_AGGRESSIVE;
				GCC_WARN_UNUSED_FUNCTION = YES;
				GCC_WARN_UNUSED_VARIABLE = YES;
				IPHONEOS_DEPLOYMENT_TARGET = 18.5;
				LOCALIZATION_PREFERS_STRING_CATALOGS = YES;
				MTL_ENABLE_DEBUG_INFO = NO;
				MTL_FAST_MATH = YES;
				SDKROOT = iphoneos;
				SWIFT_COMPILATION_MODE = wholemodule;
				VALIDATE_PRODUCT = YES;
			};
			name = Release;
		};
		E90946A12E34C4510027E9D5 /* Debug */ = {
			isa = XCBuildConfiguration;
			buildSettings = {
				ASSETCATALOG_COMPILER_APPICON_NAME = AppIcon;
				ASSETCATALOG_COMPILER_GLOBAL_ACCENT_COLOR_NAME = AccentColor;
				CODE_SIGN_ENTITLEMENTS = "galaxy watch/galaxy watch.entitlements";
				CODE_SIGN_STYLE = Automatic;
				CURRENT_PROJECT_VERSION = 1;
				DEVELOPMENT_TEAM = 4N7743MV8P;
				ENABLE_PREVIEWS = YES;
				INFOPLIST_FILE = Support/Info.plist;
				INFOPLIST_KEY_UIApplicationSceneManifest_Generation = YES;
				INFOPLIST_KEY_UIApplicationSupportsIndirectInputEvents = YES;
				INFOPLIST_KEY_UILaunchScreen_Generation = YES;
				INFOPLIST_KEY_UISupportedInterfaceOrientations_iPad = "UIInterfaceOrientationPortrait UIInterfaceOrientationPortraitUpsideDown UIInterfaceOrientationLandscapeLeft UIInterfaceOrientationLandscapeRight";
				INFOPLIST_KEY_UISupportedInterfaceOrientations_iPhone = "UIInterfaceOrientationPortrait UIInterfaceOrientationLandscapeLeft UIInterfaceOrientationLandscapeRight";
				LD_RUNPATH_SEARCH_PATHS = (
					"$(inherited)",
					"@executable_path/Frameworks",
				);
				MARKETING_VERSION = 1.0;
				PRODUCT_BUNDLE_IDENTIFIER = "com.easy-life.galaxy-watch.galaxy-watch";
				PRODUCT_NAME = "$(TARGET_NAME)";
				SWIFT_EMIT_LOC_STRINGS = YES;
				SWIFT_VERSION = 5.0;
				TARGETED_DEVICE_FAMILY = "1,2";
			};
			name = Debug;
		};
		E90946A22E34C4510027E9D5 /* Release */ = {
			isa = XCBuildConfiguration;
			buildSettings = {
				ASSETCATALOG_COMPILER_APPICON_NAME = AppIcon;
				ASSETCATALOG_COMPILER_GLOBAL_ACCENT_COLOR_NAME = AccentColor;
				CODE_SIGN_ENTITLEMENTS = "galaxy watch/galaxy watch.entitlements";
				CODE_SIGN_STYLE = Automatic;
				CURRENT_PROJECT_VERSION = 1;
				DEVELOPMENT_TEAM = 4N7743MV8P;
				ENABLE_PREVIEWS = YES;
				INFOPLIST_FILE = Support/Info.plist;
				INFOPLIST_KEY_UIApplicationSceneManifest_Generation = YES;
				INFOPLIST_KEY_UIApplicationSupportsIndirectInputEvents = YES;
				INFOPLIST_KEY_UILaunchScreen_Generation = YES;
				INFOPLIST_KEY_UISupportedInterfaceOrientations_iPad = "UIInterfaceOrientationPortrait UIInterfaceOrientationPortraitUpsideDown UIInterfaceOrientationLandscapeLeft UIInterfaceOrientationLandscapeRight";
				INFOPLIST_KEY_UISupportedInterfaceOrientations_iPhone = "UIInterfaceOrientationPortrait UIInterfaceOrientationLandscapeLeft UIInterfaceOrientationLandscapeRight";
				LD_RUNPATH_SEARCH_PATHS = (
					"$(inherited)",
					"@executable_path/Frameworks",
				);
				MARKETING_VERSION = 1.0;
				PRODUCT_BUNDLE_IDENTIFIER = "com.easy-life.galaxy-watch.galaxy-watch";
				PRODUCT_NAME = "$(TARGET_NAME)";
				SWIFT_EMIT_LOC_STRINGS = YES;
				SWIFT_VERSION = 5.0;
				TARGETED_DEVICE_FAMILY = "1,2";
			};
			name = Release;
		};
		E90946A42E34C4510027E9D5 /* Debug */ = {
			isa = XCBuildConfiguration;
			buildSettings = {
				BUNDLE_LOADER = "$(TEST_HOST)";
				CODE_SIGN_STYLE = Automatic;
				CURRENT_PROJECT_VERSION = 1;
				DEVELOPMENT_TEAM = 4N7743MV8P;
				GENERATE_INFOPLIST_FILE = YES;
				IPHONEOS_DEPLOYMENT_TARGET = 18.5;
				MARKETING_VERSION = 1.0;
				PRODUCT_BUNDLE_IDENTIFIER = "com.easy-life.galaxy-watch.galaxy-watchTests";
				PRODUCT_NAME = "$(TARGET_NAME)";
				SWIFT_EMIT_LOC_STRINGS = NO;
				SWIFT_VERSION = 5.0;
				TARGETED_DEVICE_FAMILY = "1,2";
				TEST_HOST = "$(BUILT_PRODUCTS_DIR)/galaxy watch.app/$(BUNDLE_EXECUTABLE_FOLDER_PATH)/galaxy watch";
			};
			name = Debug;
		};
		E90946A52E34C4510027E9D5 /* Release */ = {
			isa = XCBuildConfiguration;
			buildSettings = {
				BUNDLE_LOADER = "$(TEST_HOST)";
				CODE_SIGN_STYLE = Automatic;
				CURRENT_PROJECT_VERSION = 1;
				DEVELOPMENT_TEAM = 4N7743MV8P;
				GENERATE_INFOPLIST_FILE = YES;
				IPHONEOS_DEPLOYMENT_TARGET = 18.5;
				MARKETING_VERSION = 1.0;
				PRODUCT_BUNDLE_IDENTIFIER = "com.easy-life.galaxy-watch.galaxy-watchTests";
				PRODUCT_NAME = "$(TARGET_NAME)";
				SWIFT_EMIT_LOC_STRINGS = NO;
				SWIFT_VERSION = 5.0;
				TARGETED_DEVICE_FAMILY = "1,2";
				TEST_HOST = "$(BUILT_PRODUCTS_DIR)/galaxy watch.app/$(BUNDLE_EXECUTABLE_FOLDER_PATH)/galaxy watch";
			};
			name = Release;
		};
		E90946A72E34C4510027E9D5 /* Debug */ = {
			isa = XCBuildConfiguration;
			buildSettings = {
				CODE_SIGN_STYLE = Automatic;
				CURRENT_PROJECT_VERSION = 1;
				DEVELOPMENT_TEAM = 4N7743MV8P;
				GENERATE_INFOPLIST_FILE = YES;
				MARKETING_VERSION = 1.0;
				PRODUCT_BUNDLE_IDENTIFIER = "com.easy-life.galaxy-watch.galaxy-watchUITests";
				PRODUCT_NAME = "$(TARGET_NAME)";
				SWIFT_EMIT_LOC_STRINGS = NO;
				SWIFT_VERSION = 5.0;
				TARGETED_DEVICE_FAMILY = "1,2";
				TEST_TARGET_NAME = "galaxy watch";
			};
			name = Debug;
		};
		E90946A82E34C4510027E9D5 /* Release */ = {
			isa = XCBuildConfiguration;
			buildSettings = {
				CODE_SIGN_STYLE = Automatic;
				CURRENT_PROJECT_VERSION = 1;
				DEVELOPMENT_TEAM = 4N7743MV8P;
				GENERATE_INFOPLIST_FILE = YES;
				MARKETING_VERSION = 1.0;
				PRODUCT_BUNDLE_IDENTIFIER = "com.easy-life.galaxy-watch.galaxy-watchUITests";
				PRODUCT_NAME = "$(TARGET_NAME)";
				SWIFT_EMIT_LOC_STRINGS = NO;
				SWIFT_VERSION = 5.0;
				TARGETED_DEVICE_FAMILY = "1,2";
				TEST_TARGET_NAME = "galaxy watch";
			};
			name = Release;
		};
/* End XCBuildConfiguration section */

/* Begin XCConfigurationList section */
		E909467A2E34C44F0027E9D5 /* Build configuration list for PBXProject "galaxy watch" */ = {
			isa = XCConfigurationList;
			buildConfigurations = (
				E909469E2E34C4510027E9D5 /* Debug */,
				E909469F2E34C4510027E9D5 /* Release */,
			);
			defaultConfigurationIsVisible = 0;
			defaultConfigurationName = Release;
		};
		E90946A02E34C4510027E9D5 /* Build configuration list for PBXNativeTarget "galaxy watch" */ = {
			isa = XCConfigurationList;
			buildConfigurations = (
				E90946A12E34C4510027E9D5 /* Debug */,
				E90946A22E34C4510027E9D5 /* Release */,
			);
			defaultConfigurationIsVisible = 0;
			defaultConfigurationName = Release;
		};
		E90946A32E34C4510027E9D5 /* Build configuration list for PBXNativeTarget "galaxy watchTests" */ = {
			isa = XCConfigurationList;
			buildConfigurations = (
				E90946A42E34C4510027E9D5 /* Debug */,
				E90946A52E34C4510027E9D5 /* Release */,
			);
			defaultConfigurationIsVisible = 0;
			defaultConfigurationName = Release;
		};
		E90946A62E34C4510027E9D5 /* Build configuration list for PBXNativeTarget "galaxy watchUITests" */ = {
			isa = XCConfigurationList;
			buildConfigurations = (
				E90946A72E34C4510027E9D5 /* Debug */,
				E90946A82E34C4510027E9D5 /* Release */,
			);
			defaultConfigurationIsVisible = 0;
			defaultConfigurationName = Release;
		};
/* End XCConfigurationList section */

/* Begin XCRemoteSwiftPackageReference section */
		E909471E2E34F0460027E9D5 /* XCRemoteSwiftPackageReference "firebase-ios-sdk" */ = {
			isa = XCRemoteSwiftPackageReference;
			repositoryURL = "https://github.com/firebase/firebase-ios-sdk";
			requirement = {
				kind = upToNextMajorVersion;
				minimumVersion = 12.0.0;
			};
		};
/* End XCRemoteSwiftPackageReference section */

/* Begin XCSwiftPackageProductDependency section */
		E909471F2E34F0460027E9D5 /* FirebaseAuth */ = {
			isa = XCSwiftPackageProductDependency;
			package = E909471E2E34F0460027E9D5 /* XCRemoteSwiftPackageReference "firebase-ios-sdk" */;
			productName = FirebaseAuth;
		};
		E90947212E34F0460027E9D5 /* FirebaseFirestore */ = {
			isa = XCSwiftPackageProductDependency;
			package = E909471E2E34F0460027E9D5 /* XCRemoteSwiftPackageReference "firebase-ios-sdk" */;
			productName = FirebaseFirestore;
		};
		E90947282E3517710027E9D5 /* FirebaseAnalytics */ = {
			isa = XCSwiftPackageProductDependency;
			package = E909471E2E34F0460027E9D5 /* XCRemoteSwiftPackageReference "firebase-ios-sdk" */;
			productName = FirebaseAnalytics;
		};
		E909472A2E3517710027E9D5 /* FirebaseAnalyticsCore */ = {
			isa = XCSwiftPackageProductDependency;
			package = E909471E2E34F0460027E9D5 /* XCRemoteSwiftPackageReference "firebase-ios-sdk" */;
			productName = FirebaseAnalyticsCore;
		};
		E909472C2E3517710027E9D5 /* FirebaseDatabase */ = {
			isa = XCSwiftPackageProductDependency;
			package = E909471E2E34F0460027E9D5 /* XCRemoteSwiftPackageReference "firebase-ios-sdk" */;
			productName = FirebaseDatabase;
		};
/* End XCSwiftPackageProductDependency section */
	};
	rootObject = E90946772E34C44F0027E9D5 /* Project object */;
}
